// !$*UTF8*$!
{
	archiveVersion = 1;
	classes = {
	};
	objectVersion = 50;
	objects = {

/* Begin PBXBuildFile section */
		54351568225CCF4300896B7A /* Composed.framework in CopyFiles */ = {isa = PBXBuildFile; fileRef = 54A17345225CCD0A00A7D7FD /* Composed.framework */; settings = {ATTRIBUTES = (CodeSignOnCopy, RemoveHeadersOnCopy, ); }; };
		54930A9D225CDA82002C4984 /* Views.swift in Sources */ = {isa = PBXBuildFile; fileRef = 54930A9C225CDA82002C4984 /* Views.swift */; };
		54930A9E225CDB3C002C4984 /* SubscribableValue.swift in Sources */ = {isa = PBXBuildFile; fileRef = 54930A9A225CDA0B002C4984 /* SubscribableValue.swift */; };
		54930A9F225CDB3C002C4984 /* MediaPickerTheme.swift in Sources */ = {isa = PBXBuildFile; fileRef = 54930A96225CDA0B002C4984 /* MediaPickerTheme.swift */; };
		54930AA0225CDB3C002C4984 /* ThemeProviding.swift in Sources */ = {isa = PBXBuildFile; fileRef = 54930A98225CDA0B002C4984 /* ThemeProviding.swift */; };
		54930AA1225CDB3C002C4984 /* Theming.swift in Sources */ = {isa = PBXBuildFile; fileRef = 54930A97225CDA0B002C4984 /* Theming.swift */; };
		54930AA4225CEB1C002C4984 /* IndexPathSelecting.swift in Sources */ = {isa = PBXBuildFile; fileRef = 54930AA3225CEB1C002C4984 /* IndexPathSelecting.swift */; };
		54930AB8225D0A74002C4984 /* MediaAlbumCell.swift in Sources */ = {isa = PBXBuildFile; fileRef = 54930AB0225D0A5D002C4984 /* MediaAlbumCell.swift */; };
		54930AB9225D0A74002C4984 /* MediaAlbumCell.xib in Resources */ = {isa = PBXBuildFile; fileRef = 54930AB1225D0A5D002C4984 /* MediaAlbumCell.xib */; };
		54930ABA225D0A74002C4984 /* MediaAssetCell.swift in Sources */ = {isa = PBXBuildFile; fileRef = 54930AB6225D0A5E002C4984 /* MediaAssetCell.swift */; };
		54930ABB225D0A74002C4984 /* MediaAssetCell.xib in Resources */ = {isa = PBXBuildFile; fileRef = 54930AB7225D0A5E002C4984 /* MediaAssetCell.xib */; };
		54930ABC225D0A74002C4984 /* MediaFolderCell.swift in Sources */ = {isa = PBXBuildFile; fileRef = 54930AAC225D0A5D002C4984 /* MediaFolderCell.swift */; };
		54930ABD225D0A74002C4984 /* MediaFolderCell.xib in Resources */ = {isa = PBXBuildFile; fileRef = 54930AAD225D0A5D002C4984 /* MediaFolderCell.xib */; };
		54930ABE225D0A74002C4984 /* MediaSmartAlbumCell.swift in Sources */ = {isa = PBXBuildFile; fileRef = 54930AA7225D0A5D002C4984 /* MediaSmartAlbumCell.swift */; };
		54930ABF225D0A74002C4984 /* MediaSmartAlbumCell.xib in Resources */ = {isa = PBXBuildFile; fileRef = 54930AA8225D0A5D002C4984 /* MediaSmartAlbumCell.xib */; };
		54930AC2225D0B06002C4984 /* PieProgressLayer.swift in Sources */ = {isa = PBXBuildFile; fileRef = 54930AC0225D0B06002C4984 /* PieProgressLayer.swift */; };
		54930AC3225D0B06002C4984 /* PieProgressView.swift in Sources */ = {isa = PBXBuildFile; fileRef = 54930AC1225D0B06002C4984 /* PieProgressView.swift */; };
		54930AC5225D0B6D002C4984 /* TimecodeFormatter.swift in Sources */ = {isa = PBXBuildFile; fileRef = 54930AC4225D0B6D002C4984 /* TimecodeFormatter.swift */; };
		54930AC8225D1568002C4984 /* MediaAlbumsDataSource.swift in Sources */ = {isa = PBXBuildFile; fileRef = 54930AC7225D1568002C4984 /* MediaAlbumsDataSource.swift */; };
		54930ACA225D163F002C4984 /* MediaImageManager.swift in Sources */ = {isa = PBXBuildFile; fileRef = 54930AC9225D163E002C4984 /* MediaImageManager.swift */; };
		54930ACE225D17E8002C4984 /* MediaAssetsDataSource.swift in Sources */ = {isa = PBXBuildFile; fileRef = 54930ACD225D17E8002C4984 /* MediaAssetsDataSource.swift */; };
		54930AD1225D190B002C4984 /* MediaHeaderView.swift in Sources */ = {isa = PBXBuildFile; fileRef = 54930ACF225D190A002C4984 /* MediaHeaderView.swift */; };
		54930AD2225D1A8B002C4984 /* MediaHeaderView.xib in Resources */ = {isa = PBXBuildFile; fileRef = 54930AD0225D190B002C4984 /* MediaHeaderView.xib */; };
		54930AD5225D1E27002C4984 /* Images.xcassets in Resources */ = {isa = PBXBuildFile; fileRef = 54930AD4225D1E27002C4984 /* Images.xcassets */; };
		54930AD6225D25D0002C4984 /* MediaLibraryUI.framework in Frameworks */ = {isa = PBXBuildFile; fileRef = 54A172AD225CBBE400A7D7FD /* MediaLibraryUI.framework */; };
		54930AD7225D25E9002C4984 /* Composed.framework in Frameworks */ = {isa = PBXBuildFile; fileRef = 54A17345225CCD0A00A7D7FD /* Composed.framework */; };
		54930AD8225D25E9002C4984 /* Composed.framework in Embed Frameworks */ = {isa = PBXBuildFile; fileRef = 54A17345225CCD0A00A7D7FD /* Composed.framework */; settings = {ATTRIBUTES = (CodeSignOnCopy, RemoveHeadersOnCopy, ); }; };
		54930ADA225D25E9002C4984 /* MediaLibraryUI.framework in Embed Frameworks */ = {isa = PBXBuildFile; fileRef = 54A172AD225CBBE400A7D7FD /* MediaLibraryUI.framework */; settings = {ATTRIBUTES = (CodeSignOnCopy, RemoveHeadersOnCopy, ); }; };
		54A17297225CBBD300A7D7FD /* AppDelegate.swift in Sources */ = {isa = PBXBuildFile; fileRef = 54A17296225CBBD300A7D7FD /* AppDelegate.swift */; };
		54A17299225CBBD300A7D7FD /* ViewController.swift in Sources */ = {isa = PBXBuildFile; fileRef = 54A17298225CBBD300A7D7FD /* ViewController.swift */; };
		54A1729C225CBBD300A7D7FD /* Main.storyboard in Resources */ = {isa = PBXBuildFile; fileRef = 54A1729A225CBBD300A7D7FD /* Main.storyboard */; };
		54A1729E225CBBD400A7D7FD /* Assets.xcassets in Resources */ = {isa = PBXBuildFile; fileRef = 54A1729D225CBBD400A7D7FD /* Assets.xcassets */; };
		54A172A1225CBBD400A7D7FD /* LaunchScreen.storyboard in Resources */ = {isa = PBXBuildFile; fileRef = 54A1729F225CBBD400A7D7FD /* LaunchScreen.storyboard */; };
		54A172B1225CBBE400A7D7FD /* PhotoLibraryUI.h in Headers */ = {isa = PBXBuildFile; fileRef = 54A172AF225CBBE400A7D7FD /* PhotoLibraryUI.h */; settings = {ATTRIBUTES = (Public, ); }; };
		54A172BC225CBD7B00A7D7FD /* MediaPickerViewController.swift in Sources */ = {isa = PBXBuildFile; fileRef = 54A172BB225CBD7B00A7D7FD /* MediaPickerViewController.swift */; };
		54A172BE225CC26E00A7D7FD /* MediaContentViewController.swift in Sources */ = {isa = PBXBuildFile; fileRef = 54A172BD225CC26E00A7D7FD /* MediaContentViewController.swift */; };
		54A17347225CCD1100A7D7FD /* Composed.framework in Frameworks */ = {isa = PBXBuildFile; fileRef = 54A17345225CCD0A00A7D7FD /* Composed.framework */; };
/* End PBXBuildFile section */

/* Begin PBXContainerItemProxy section */
		54930ADB225D25E9002C4984 /* PBXContainerItemProxy */ = {
			isa = PBXContainerItemProxy;
			containerPortal = 54A1728B225CBBD300A7D7FD /* Project object */;
			proxyType = 1;
			remoteGlobalIDString = 54A172AC225CBBE400A7D7FD;
			remoteInfo = MediaLibraryUI;
		};
/* End PBXContainerItemProxy section */

/* Begin PBXCopyFilesBuildPhase section */
		54930ADD225D25E9002C4984 /* Embed Frameworks */ = {
			isa = PBXCopyFilesBuildPhase;
			buildActionMask = 2147483647;
			dstPath = "";
			dstSubfolderSpec = 10;
			files = (
				54930AD8225D25E9002C4984 /* Composed.framework in Embed Frameworks */,
				54930ADA225D25E9002C4984 /* MediaLibraryUI.framework in Embed Frameworks */,
			);
			name = "Embed Frameworks";
			runOnlyForDeploymentPostprocessing = 0;
		};
		54A17341225CCC4D00A7D7FD /* CopyFiles */ = {
			isa = PBXCopyFilesBuildPhase;
			buildActionMask = 2147483647;
			dstPath = "";
			dstSubfolderSpec = 10;
			files = (
				54351568225CCF4300896B7A /* Composed.framework in CopyFiles */,
			);
			runOnlyForDeploymentPostprocessing = 0;
		};
/* End PBXCopyFilesBuildPhase section */

/* Begin PBXFileReference section */
		54930A96225CDA0B002C4984 /* MediaPickerTheme.swift */ = {isa = PBXFileReference; lastKnownFileType = sourcecode.swift; path = MediaPickerTheme.swift; sourceTree = "<group>"; };
		54930A97225CDA0B002C4984 /* Theming.swift */ = {isa = PBXFileReference; lastKnownFileType = sourcecode.swift; path = Theming.swift; sourceTree = "<group>"; };
		54930A98225CDA0B002C4984 /* ThemeProviding.swift */ = {isa = PBXFileReference; lastKnownFileType = sourcecode.swift; path = ThemeProviding.swift; sourceTree = "<group>"; };
		54930A9A225CDA0B002C4984 /* SubscribableValue.swift */ = {isa = PBXFileReference; lastKnownFileType = sourcecode.swift; path = SubscribableValue.swift; sourceTree = "<group>"; };
		54930A9C225CDA82002C4984 /* Views.swift */ = {isa = PBXFileReference; lastKnownFileType = sourcecode.swift; path = Views.swift; sourceTree = "<group>"; };
		54930AA3225CEB1C002C4984 /* IndexPathSelecting.swift */ = {isa = PBXFileReference; lastKnownFileType = sourcecode.swift; path = IndexPathSelecting.swift; sourceTree = "<group>"; };
		54930AA7225D0A5D002C4984 /* MediaSmartAlbumCell.swift */ = {isa = PBXFileReference; lastKnownFileType = sourcecode.swift; path = MediaSmartAlbumCell.swift; sourceTree = "<group>"; };
		54930AA8225D0A5D002C4984 /* MediaSmartAlbumCell.xib */ = {isa = PBXFileReference; lastKnownFileType = file.xib; path = MediaSmartAlbumCell.xib; sourceTree = "<group>"; };
		54930AAC225D0A5D002C4984 /* MediaFolderCell.swift */ = {isa = PBXFileReference; lastKnownFileType = sourcecode.swift; path = MediaFolderCell.swift; sourceTree = "<group>"; };
		54930AAD225D0A5D002C4984 /* MediaFolderCell.xib */ = {isa = PBXFileReference; lastKnownFileType = file.xib; path = MediaFolderCell.xib; sourceTree = "<group>"; };
		54930AB0225D0A5D002C4984 /* MediaAlbumCell.swift */ = {isa = PBXFileReference; lastKnownFileType = sourcecode.swift; path = MediaAlbumCell.swift; sourceTree = "<group>"; };
		54930AB1225D0A5D002C4984 /* MediaAlbumCell.xib */ = {isa = PBXFileReference; lastKnownFileType = file.xib; path = MediaAlbumCell.xib; sourceTree = "<group>"; };
		54930AB6225D0A5E002C4984 /* MediaAssetCell.swift */ = {isa = PBXFileReference; lastKnownFileType = sourcecode.swift; path = MediaAssetCell.swift; sourceTree = "<group>"; };
		54930AB7225D0A5E002C4984 /* MediaAssetCell.xib */ = {isa = PBXFileReference; lastKnownFileType = file.xib; path = MediaAssetCell.xib; sourceTree = "<group>"; };
		54930AC0225D0B06002C4984 /* PieProgressLayer.swift */ = {isa = PBXFileReference; lastKnownFileType = sourcecode.swift; path = PieProgressLayer.swift; sourceTree = "<group>"; };
		54930AC1225D0B06002C4984 /* PieProgressView.swift */ = {isa = PBXFileReference; lastKnownFileType = sourcecode.swift; path = PieProgressView.swift; sourceTree = "<group>"; };
		54930AC4225D0B6D002C4984 /* TimecodeFormatter.swift */ = {isa = PBXFileReference; lastKnownFileType = sourcecode.swift; path = TimecodeFormatter.swift; sourceTree = "<group>"; };
		54930AC7225D1568002C4984 /* MediaAlbumsDataSource.swift */ = {isa = PBXFileReference; lastKnownFileType = sourcecode.swift; path = MediaAlbumsDataSource.swift; sourceTree = "<group>"; };
		54930AC9225D163E002C4984 /* MediaImageManager.swift */ = {isa = PBXFileReference; lastKnownFileType = sourcecode.swift; path = MediaImageManager.swift; sourceTree = "<group>"; };
		54930ACD225D17E8002C4984 /* MediaAssetsDataSource.swift */ = {isa = PBXFileReference; lastKnownFileType = sourcecode.swift; path = MediaAssetsDataSource.swift; sourceTree = "<group>"; };
		54930ACF225D190A002C4984 /* MediaHeaderView.swift */ = {isa = PBXFileReference; lastKnownFileType = sourcecode.swift; path = MediaHeaderView.swift; sourceTree = "<group>"; };
		54930AD0225D190B002C4984 /* MediaHeaderView.xib */ = {isa = PBXFileReference; lastKnownFileType = file.xib; path = MediaHeaderView.xib; sourceTree = "<group>"; };
		54930AD4225D1E27002C4984 /* Images.xcassets */ = {isa = PBXFileReference; lastKnownFileType = folder.assetcatalog; path = Images.xcassets; sourceTree = "<group>"; };
		54A17293225CBBD300A7D7FD /* MediaLibrary.app */ = {isa = PBXFileReference; explicitFileType = wrapper.application; includeInIndex = 0; path = MediaLibrary.app; sourceTree = BUILT_PRODUCTS_DIR; };
		54A17296225CBBD300A7D7FD /* AppDelegate.swift */ = {isa = PBXFileReference; lastKnownFileType = sourcecode.swift; path = AppDelegate.swift; sourceTree = "<group>"; };
		54A17298225CBBD300A7D7FD /* ViewController.swift */ = {isa = PBXFileReference; lastKnownFileType = sourcecode.swift; path = ViewController.swift; sourceTree = "<group>"; };
		54A1729B225CBBD300A7D7FD /* Base */ = {isa = PBXFileReference; lastKnownFileType = file.storyboard; name = Base; path = Base.lproj/Main.storyboard; sourceTree = "<group>"; };
		54A1729D225CBBD400A7D7FD /* Assets.xcassets */ = {isa = PBXFileReference; lastKnownFileType = folder.assetcatalog; path = Assets.xcassets; sourceTree = "<group>"; };
		54A172A0225CBBD400A7D7FD /* Base */ = {isa = PBXFileReference; lastKnownFileType = file.storyboard; name = Base; path = Base.lproj/LaunchScreen.storyboard; sourceTree = "<group>"; };
		54A172A2225CBBD400A7D7FD /* Info.plist */ = {isa = PBXFileReference; lastKnownFileType = text.plist.xml; path = Info.plist; sourceTree = "<group>"; };
		54A172AD225CBBE400A7D7FD /* MediaLibraryUI.framework */ = {isa = PBXFileReference; explicitFileType = wrapper.framework; includeInIndex = 0; path = MediaLibraryUI.framework; sourceTree = BUILT_PRODUCTS_DIR; };
		54A172AF225CBBE400A7D7FD /* PhotoLibraryUI.h */ = {isa = PBXFileReference; lastKnownFileType = sourcecode.c.h; path = PhotoLibraryUI.h; sourceTree = "<group>"; };
		54A172B0225CBBE400A7D7FD /* Info.plist */ = {isa = PBXFileReference; lastKnownFileType = text.plist.xml; path = Info.plist; sourceTree = "<group>"; };
		54A172BB225CBD7B00A7D7FD /* MediaPickerViewController.swift */ = {isa = PBXFileReference; lastKnownFileType = sourcecode.swift; path = MediaPickerViewController.swift; sourceTree = "<group>"; };
		54A172BD225CC26E00A7D7FD /* MediaContentViewController.swift */ = {isa = PBXFileReference; lastKnownFileType = sourcecode.swift; path = MediaContentViewController.swift; sourceTree = "<group>"; };
		54A17345225CCD0A00A7D7FD /* Composed.framework */ = {isa = PBXFileReference; lastKnownFileType = wrapper.framework; path = Composed.framework; sourceTree = "<group>"; };
/* End PBXFileReference section */

/* Begin PBXFrameworksBuildPhase section */
		54A17290225CBBD300A7D7FD /* Frameworks */ = {
			isa = PBXFrameworksBuildPhase;
			buildActionMask = 2147483647;
			files = (
				54930AD7225D25E9002C4984 /* Composed.framework in Frameworks */,
				54930AD6225D25D0002C4984 /* MediaLibraryUI.framework in Frameworks */,
			);
			runOnlyForDeploymentPostprocessing = 0;
		};
		54A172AA225CBBE400A7D7FD /* Frameworks */ = {
			isa = PBXFrameworksBuildPhase;
			buildActionMask = 2147483647;
			files = (
				54A17347225CCD1100A7D7FD /* Composed.framework in Frameworks */,
			);
			runOnlyForDeploymentPostprocessing = 0;
		};
/* End PBXFrameworksBuildPhase section */

/* Begin PBXGroup section */
		54930A95225CDA07002C4984 /* Theming */ = {
			isa = PBXGroup;
			children = (
				54930A9A225CDA0B002C4984 /* SubscribableValue.swift */,
				54930A96225CDA0B002C4984 /* MediaPickerTheme.swift */,
				54930A98225CDA0B002C4984 /* ThemeProviding.swift */,
				54930A97225CDA0B002C4984 /* Theming.swift */,
			);
			path = Theming;
			sourceTree = "<group>";
		};
		54930A9B225CDA7B002C4984 /* Views */ = {
			isa = PBXGroup;
			children = (
				54930AC0225D0B06002C4984 /* PieProgressLayer.swift */,
				54930AC1225D0B06002C4984 /* PieProgressView.swift */,
				54930ACF225D190A002C4984 /* MediaHeaderView.swift */,
				54930AD0225D190B002C4984 /* MediaHeaderView.xib */,
				54930A9C225CDA82002C4984 /* Views.swift */,
			);
			path = Views;
			sourceTree = "<group>";
		};
		54930AA2225CEB14002C4984 /* Helpers */ = {
			isa = PBXGroup;
			children = (
				54930AA3225CEB1C002C4984 /* IndexPathSelecting.swift */,
				54930AC4225D0B6D002C4984 /* TimecodeFormatter.swift */,
				54930AC9225D163E002C4984 /* MediaImageManager.swift */,
			);
			path = Helpers;
			sourceTree = "<group>";
		};
		54930AA5225D0A59002C4984 /* Cells */ = {
			isa = PBXGroup;
			children = (
				54930AAF225D0A5D002C4984 /* Album */,
				54930AB5225D0A5E002C4984 /* Asset */,
				54930AAB225D0A5D002C4984 /* Folder */,
				54930AA6225D0A5D002C4984 /* Smart Album */,
			);
			path = Cells;
			sourceTree = "<group>";
		};
		54930AA6225D0A5D002C4984 /* Smart Album */ = {
			isa = PBXGroup;
			children = (
				54930AA7225D0A5D002C4984 /* MediaSmartAlbumCell.swift */,
				54930AA8225D0A5D002C4984 /* MediaSmartAlbumCell.xib */,
			);
			path = "Smart Album";
			sourceTree = "<group>";
		};
		54930AAB225D0A5D002C4984 /* Folder */ = {
			isa = PBXGroup;
			children = (
				54930AAC225D0A5D002C4984 /* MediaFolderCell.swift */,
				54930AAD225D0A5D002C4984 /* MediaFolderCell.xib */,
			);
			path = Folder;
			sourceTree = "<group>";
		};
		54930AAF225D0A5D002C4984 /* Album */ = {
			isa = PBXGroup;
			children = (
				54930AB0225D0A5D002C4984 /* MediaAlbumCell.swift */,
				54930AB1225D0A5D002C4984 /* MediaAlbumCell.xib */,
			);
			path = Album;
			sourceTree = "<group>";
		};
		54930AB5225D0A5E002C4984 /* Asset */ = {
			isa = PBXGroup;
			children = (
				54930AB6225D0A5E002C4984 /* MediaAssetCell.swift */,
				54930AB7225D0A5E002C4984 /* MediaAssetCell.xib */,
			);
			path = Asset;
			sourceTree = "<group>";
		};
		54930AC6225D155D002C4984 /* DataSources */ = {
			isa = PBXGroup;
			children = (
				54930AC7225D1568002C4984 /* MediaAlbumsDataSource.swift */,
				54930ACD225D17E8002C4984 /* MediaAssetsDataSource.swift */,
			);
			path = DataSources;
			sourceTree = "<group>";
		};
		54930AD3225D1E17002C4984 /* Resources */ = {
			isa = PBXGroup;
			children = (
				54930AD4225D1E27002C4984 /* Images.xcassets */,
			);
			path = Resources;
			sourceTree = "<group>";
		};
		54A1728A225CBBD300A7D7FD = {
			isa = PBXGroup;
			children = (
				54A17295225CBBD300A7D7FD /* PhotoLibrary */,
				54A172AE225CBBE400A7D7FD /* PhotoLibraryUI */,
				54A17294225CBBD300A7D7FD /* Products */,
				54A1733E225CCC3B00A7D7FD /* Frameworks */,
			);
			sourceTree = "<group>";
		};
		54A17294225CBBD300A7D7FD /* Products */ = {
			isa = PBXGroup;
			children = (
				54A17293225CBBD300A7D7FD /* MediaLibrary.app */,
				54A172AD225CBBE400A7D7FD /* MediaLibraryUI.framework */,
			);
			name = Products;
			sourceTree = "<group>";
		};
		54A17295225CBBD300A7D7FD /* PhotoLibrary */ = {
			isa = PBXGroup;
			children = (
				54A17296225CBBD300A7D7FD /* AppDelegate.swift */,
				54A17298225CBBD300A7D7FD /* ViewController.swift */,
				54A1729A225CBBD300A7D7FD /* Main.storyboard */,
				54A1729D225CBBD400A7D7FD /* Assets.xcassets */,
				54A1729F225CBBD400A7D7FD /* LaunchScreen.storyboard */,
				54A172A2225CBBD400A7D7FD /* Info.plist */,
			);
			path = PhotoLibrary;
			sourceTree = "<group>";
		};
		54A172AE225CBBE400A7D7FD /* PhotoLibraryUI */ = {
			isa = PBXGroup;
			children = (
				54930AD3225D1E17002C4984 /* Resources */,
				54A17344225CCD0A00A7D7FD /* Frameworks */,
				54A172BA225CBC0000A7D7FD /* Source */,
				54A172AF225CBBE400A7D7FD /* PhotoLibraryUI.h */,
				54A172B0225CBBE400A7D7FD /* Info.plist */,
			);
			path = PhotoLibraryUI;
			sourceTree = "<group>";
		};
		54A172BA225CBC0000A7D7FD /* Source */ = {
			isa = PBXGroup;
			children = (
				54930AC6225D155D002C4984 /* DataSources */,
				54930AA5225D0A59002C4984 /* Cells */,
				54930AA2225CEB14002C4984 /* Helpers */,
				54930A9B225CDA7B002C4984 /* Views */,
				54930A95225CDA07002C4984 /* Theming */,
				54A172BB225CBD7B00A7D7FD /* MediaPickerViewController.swift */,
				54A172BD225CC26E00A7D7FD /* MediaContentViewController.swift */,
			);
			path = Source;
			sourceTree = "<group>";
		};
		54A1733E225CCC3B00A7D7FD /* Frameworks */ = {
			isa = PBXGroup;
			children = (
			);
			name = Frameworks;
			sourceTree = "<group>";
		};
		54A17344225CCD0A00A7D7FD /* Frameworks */ = {
			isa = PBXGroup;
			children = (
				54A17345225CCD0A00A7D7FD /* Composed.framework */,
			);
			path = Frameworks;
			sourceTree = "<group>";
		};
/* End PBXGroup section */

/* Begin PBXHeadersBuildPhase section */
		54A172A8225CBBE400A7D7FD /* Headers */ = {
			isa = PBXHeadersBuildPhase;
			buildActionMask = 2147483647;
			files = (
				54A172B1225CBBE400A7D7FD /* PhotoLibraryUI.h in Headers */,
			);
			runOnlyForDeploymentPostprocessing = 0;
		};
/* End PBXHeadersBuildPhase section */

/* Begin PBXNativeTarget section */
		54A17292225CBBD300A7D7FD /* MediaLibrary */ = {
			isa = PBXNativeTarget;
			buildConfigurationList = 54A172A5225CBBD400A7D7FD /* Build configuration list for PBXNativeTarget "MediaLibrary" */;
			buildPhases = (
				54A1728F225CBBD300A7D7FD /* Sources */,
				54A17290225CBBD300A7D7FD /* Frameworks */,
				54A17291225CBBD300A7D7FD /* Resources */,
				54930ADD225D25E9002C4984 /* Embed Frameworks */,
			);
			buildRules = (
			);
			dependencies = (
				54930ADC225D25E9002C4984 /* PBXTargetDependency */,
			);
			name = MediaLibrary;
			productName = PhotoLibrary;
			productReference = 54A17293225CBBD300A7D7FD /* MediaLibrary.app */;
			productType = "com.apple.product-type.application";
		};
		54A172AC225CBBE400A7D7FD /* MediaLibraryUI */ = {
			isa = PBXNativeTarget;
			buildConfigurationList = 54A172B6225CBBE400A7D7FD /* Build configuration list for PBXNativeTarget "MediaLibraryUI" */;
			buildPhases = (
				54A172A8225CBBE400A7D7FD /* Headers */,
				54A172A9225CBBE400A7D7FD /* Sources */,
				54A172AA225CBBE400A7D7FD /* Frameworks */,
				54A172AB225CBBE400A7D7FD /* Resources */,
				54A17341225CCC4D00A7D7FD /* CopyFiles */,
			);
			buildRules = (
			);
			dependencies = (
			);
			name = MediaLibraryUI;
			productName = PhotoLibraryUI;
			productReference = 54A172AD225CBBE400A7D7FD /* MediaLibraryUI.framework */;
			productType = "com.apple.product-type.framework";
		};
/* End PBXNativeTarget section */

/* Begin PBXProject section */
		54A1728B225CBBD300A7D7FD /* Project object */ = {
			isa = PBXProject;
			attributes = {
				LastSwiftUpdateCheck = 1020;
				LastUpgradeCheck = 1020;
				ORGANIZATIONNAME = "152 Percent Ltd";
				TargetAttributes = {
					54A17292225CBBD300A7D7FD = {
						CreatedOnToolsVersion = 10.2;
					};
					54A172AC225CBBE400A7D7FD = {
						CreatedOnToolsVersion = 10.2;
						LastSwiftMigration = 1020;
					};
				};
			};
			buildConfigurationList = 54A1728E225CBBD300A7D7FD /* Build configuration list for PBXProject "PhotoLibrary" */;
			compatibilityVersion = "Xcode 9.3";
			developmentRegion = en;
			hasScannedForEncodings = 0;
			knownRegions = (
				en,
				Base,
			);
			mainGroup = 54A1728A225CBBD300A7D7FD;
			productRefGroup = 54A17294225CBBD300A7D7FD /* Products */;
			projectDirPath = "";
			projectRoot = "";
			targets = (
				54A17292225CBBD300A7D7FD /* MediaLibrary */,
				54A172AC225CBBE400A7D7FD /* MediaLibraryUI */,
			);
		};
/* End PBXProject section */

/* Begin PBXResourcesBuildPhase section */
		54A17291225CBBD300A7D7FD /* Resources */ = {
			isa = PBXResourcesBuildPhase;
			buildActionMask = 2147483647;
			files = (
				54A172A1225CBBD400A7D7FD /* LaunchScreen.storyboard in Resources */,
				54A1729E225CBBD400A7D7FD /* Assets.xcassets in Resources */,
				54A1729C225CBBD300A7D7FD /* Main.storyboard in Resources */,
			);
			runOnlyForDeploymentPostprocessing = 0;
		};
		54A172AB225CBBE400A7D7FD /* Resources */ = {
			isa = PBXResourcesBuildPhase;
			buildActionMask = 2147483647;
			files = (
				54930ABB225D0A74002C4984 /* MediaAssetCell.xib in Resources */,
				54930ABD225D0A74002C4984 /* MediaFolderCell.xib in Resources */,
				54930AB9225D0A74002C4984 /* MediaAlbumCell.xib in Resources */,
				54930AD5225D1E27002C4984 /* Images.xcassets in Resources */,
				54930ABF225D0A74002C4984 /* MediaSmartAlbumCell.xib in Resources */,
				54930AD2225D1A8B002C4984 /* MediaHeaderView.xib in Resources */,
			);
			runOnlyForDeploymentPostprocessing = 0;
		};
/* End PBXResourcesBuildPhase section */

/* Begin PBXSourcesBuildPhase section */
		54A1728F225CBBD300A7D7FD /* Sources */ = {
			isa = PBXSourcesBuildPhase;
			buildActionMask = 2147483647;
			files = (
				54A17299225CBBD300A7D7FD /* ViewController.swift in Sources */,
				54A17297225CBBD300A7D7FD /* AppDelegate.swift in Sources */,
			);
			runOnlyForDeploymentPostprocessing = 0;
		};
		54A172A9225CBBE400A7D7FD /* Sources */ = {
			isa = PBXSourcesBuildPhase;
			buildActionMask = 2147483647;
			files = (
				54930AC8225D1568002C4984 /* MediaAlbumsDataSource.swift in Sources */,
				54930AC5225D0B6D002C4984 /* TimecodeFormatter.swift in Sources */,
				54930AA0225CDB3C002C4984 /* ThemeProviding.swift in Sources */,
				54930AA1225CDB3C002C4984 /* Theming.swift in Sources */,
				54930ABC225D0A74002C4984 /* MediaFolderCell.swift in Sources */,
				54930AC2225D0B06002C4984 /* PieProgressLayer.swift in Sources */,
				54930AD1225D190B002C4984 /* MediaHeaderView.swift in Sources */,
				54930ABA225D0A74002C4984 /* MediaAssetCell.swift in Sources */,
				54930A9E225CDB3C002C4984 /* SubscribableValue.swift in Sources */,
				54A172BE225CC26E00A7D7FD /* MediaContentViewController.swift in Sources */,
				54930A9F225CDB3C002C4984 /* MediaPickerTheme.swift in Sources */,
				54A172BC225CBD7B00A7D7FD /* MediaPickerViewController.swift in Sources */,
				54930AA4225CEB1C002C4984 /* IndexPathSelecting.swift in Sources */,
				54930A9D225CDA82002C4984 /* Views.swift in Sources */,
				54930AB8225D0A74002C4984 /* MediaAlbumCell.swift in Sources */,
				54930ACE225D17E8002C4984 /* MediaAssetsDataSource.swift in Sources */,
				54930AC3225D0B06002C4984 /* PieProgressView.swift in Sources */,
				54930ACA225D163F002C4984 /* MediaImageManager.swift in Sources */,
				54930ABE225D0A74002C4984 /* MediaSmartAlbumCell.swift in Sources */,
			);
			runOnlyForDeploymentPostprocessing = 0;
		};
/* End PBXSourcesBuildPhase section */

/* Begin PBXTargetDependency section */
		54930ADC225D25E9002C4984 /* PBXTargetDependency */ = {
			isa = PBXTargetDependency;
			target = 54A172AC225CBBE400A7D7FD /* MediaLibraryUI */;
			targetProxy = 54930ADB225D25E9002C4984 /* PBXContainerItemProxy */;
		};
/* End PBXTargetDependency section */

/* Begin PBXVariantGroup section */
		54A1729A225CBBD300A7D7FD /* Main.storyboard */ = {
			isa = PBXVariantGroup;
			children = (
				54A1729B225CBBD300A7D7FD /* Base */,
			);
			name = Main.storyboard;
			sourceTree = "<group>";
		};
		54A1729F225CBBD400A7D7FD /* LaunchScreen.storyboard */ = {
			isa = PBXVariantGroup;
			children = (
				54A172A0225CBBD400A7D7FD /* Base */,
			);
			name = LaunchScreen.storyboard;
			sourceTree = "<group>";
		};
/* End PBXVariantGroup section */

/* Begin XCBuildConfiguration section */
		54A172A3225CBBD400A7D7FD /* Debug */ = {
			isa = XCBuildConfiguration;
			buildSettings = {
				ALWAYS_SEARCH_USER_PATHS = NO;
				CLANG_ANALYZER_NONNULL = YES;
				CLANG_ANALYZER_NUMBER_OBJECT_CONVERSION = YES_AGGRESSIVE;
				CLANG_CXX_LANGUAGE_STANDARD = "gnu++14";
				CLANG_CXX_LIBRARY = "libc++";
				CLANG_ENABLE_MODULES = YES;
				CLANG_ENABLE_OBJC_ARC = YES;
				CLANG_ENABLE_OBJC_WEAK = YES;
				CLANG_WARN_BLOCK_CAPTURE_AUTORELEASING = YES;
				CLANG_WARN_BOOL_CONVERSION = YES;
				CLANG_WARN_COMMA = YES;
				CLANG_WARN_CONSTANT_CONVERSION = YES;
				CLANG_WARN_DEPRECATED_OBJC_IMPLEMENTATIONS = YES;
				CLANG_WARN_DIRECT_OBJC_ISA_USAGE = YES_ERROR;
				CLANG_WARN_DOCUMENTATION_COMMENTS = YES;
				CLANG_WARN_EMPTY_BODY = YES;
				CLANG_WARN_ENUM_CONVERSION = YES;
				CLANG_WARN_INFINITE_RECURSION = YES;
				CLANG_WARN_INT_CONVERSION = YES;
				CLANG_WARN_NON_LITERAL_NULL_CONVERSION = YES;
				CLANG_WARN_OBJC_IMPLICIT_RETAIN_SELF = YES;
				CLANG_WARN_OBJC_LITERAL_CONVERSION = YES;
				CLANG_WARN_OBJC_ROOT_CLASS = YES_ERROR;
				CLANG_WARN_RANGE_LOOP_ANALYSIS = YES;
				CLANG_WARN_STRICT_PROTOTYPES = YES;
				CLANG_WARN_SUSPICIOUS_MOVE = YES;
				CLANG_WARN_UNGUARDED_AVAILABILITY = YES_AGGRESSIVE;
				CLANG_WARN_UNREACHABLE_CODE = YES;
				CLANG_WARN__DUPLICATE_METHOD_MATCH = YES;
				CODE_SIGN_IDENTITY = "iPhone Developer";
				COPY_PHASE_STRIP = NO;
				DEBUG_INFORMATION_FORMAT = dwarf;
				ENABLE_STRICT_OBJC_MSGSEND = YES;
				ENABLE_TESTABILITY = YES;
				GCC_C_LANGUAGE_STANDARD = gnu11;
				GCC_DYNAMIC_NO_PIC = NO;
				GCC_NO_COMMON_BLOCKS = YES;
				GCC_OPTIMIZATION_LEVEL = 0;
				GCC_PREPROCESSOR_DEFINITIONS = (
					"DEBUG=1",
					"$(inherited)",
				);
				GCC_WARN_64_TO_32_BIT_CONVERSION = YES;
				GCC_WARN_ABOUT_RETURN_TYPE = YES_ERROR;
				GCC_WARN_UNDECLARED_SELECTOR = YES;
				GCC_WARN_UNINITIALIZED_AUTOS = YES_AGGRESSIVE;
				GCC_WARN_UNUSED_FUNCTION = YES;
				GCC_WARN_UNUSED_VARIABLE = YES;
				IPHONEOS_DEPLOYMENT_TARGET = 12.0;
				MTL_ENABLE_DEBUG_INFO = INCLUDE_SOURCE;
				MTL_FAST_MATH = YES;
				ONLY_ACTIVE_ARCH = YES;
				SDKROOT = iphoneos;
				SWIFT_ACTIVE_COMPILATION_CONDITIONS = DEBUG;
				SWIFT_OPTIMIZATION_LEVEL = "-Onone";
			};
			name = Debug;
		};
		54A172A4225CBBD400A7D7FD /* Release */ = {
			isa = XCBuildConfiguration;
			buildSettings = {
				ALWAYS_SEARCH_USER_PATHS = NO;
				CLANG_ANALYZER_NONNULL = YES;
				CLANG_ANALYZER_NUMBER_OBJECT_CONVERSION = YES_AGGRESSIVE;
				CLANG_CXX_LANGUAGE_STANDARD = "gnu++14";
				CLANG_CXX_LIBRARY = "libc++";
				CLANG_ENABLE_MODULES = YES;
				CLANG_ENABLE_OBJC_ARC = YES;
				CLANG_ENABLE_OBJC_WEAK = YES;
				CLANG_WARN_BLOCK_CAPTURE_AUTORELEASING = YES;
				CLANG_WARN_BOOL_CONVERSION = YES;
				CLANG_WARN_COMMA = YES;
				CLANG_WARN_CONSTANT_CONVERSION = YES;
				CLANG_WARN_DEPRECATED_OBJC_IMPLEMENTATIONS = YES;
				CLANG_WARN_DIRECT_OBJC_ISA_USAGE = YES_ERROR;
				CLANG_WARN_DOCUMENTATION_COMMENTS = YES;
				CLANG_WARN_EMPTY_BODY = YES;
				CLANG_WARN_ENUM_CONVERSION = YES;
				CLANG_WARN_INFINITE_RECURSION = YES;
				CLANG_WARN_INT_CONVERSION = YES;
				CLANG_WARN_NON_LITERAL_NULL_CONVERSION = YES;
				CLANG_WARN_OBJC_IMPLICIT_RETAIN_SELF = YES;
				CLANG_WARN_OBJC_LITERAL_CONVERSION = YES;
				CLANG_WARN_OBJC_ROOT_CLASS = YES_ERROR;
				CLANG_WARN_RANGE_LOOP_ANALYSIS = YES;
				CLANG_WARN_STRICT_PROTOTYPES = YES;
				CLANG_WARN_SUSPICIOUS_MOVE = YES;
				CLANG_WARN_UNGUARDED_AVAILABILITY = YES_AGGRESSIVE;
				CLANG_WARN_UNREACHABLE_CODE = YES;
				CLANG_WARN__DUPLICATE_METHOD_MATCH = YES;
				CODE_SIGN_IDENTITY = "iPhone Developer";
				COPY_PHASE_STRIP = NO;
				DEBUG_INFORMATION_FORMAT = "dwarf-with-dsym";
				ENABLE_NS_ASSERTIONS = NO;
				ENABLE_STRICT_OBJC_MSGSEND = YES;
				GCC_C_LANGUAGE_STANDARD = gnu11;
				GCC_NO_COMMON_BLOCKS = YES;
				GCC_WARN_64_TO_32_BIT_CONVERSION = YES;
				GCC_WARN_ABOUT_RETURN_TYPE = YES_ERROR;
				GCC_WARN_UNDECLARED_SELECTOR = YES;
				GCC_WARN_UNINITIALIZED_AUTOS = YES_AGGRESSIVE;
				GCC_WARN_UNUSED_FUNCTION = YES;
				GCC_WARN_UNUSED_VARIABLE = YES;
				IPHONEOS_DEPLOYMENT_TARGET = 12.0;
				MTL_ENABLE_DEBUG_INFO = NO;
				MTL_FAST_MATH = YES;
				SDKROOT = iphoneos;
				SWIFT_COMPILATION_MODE = wholemodule;
				SWIFT_OPTIMIZATION_LEVEL = "-O";
				VALIDATE_PRODUCT = YES;
			};
			name = Release;
		};
		54A172A6225CBBD400A7D7FD /* Debug */ = {
			isa = XCBuildConfiguration;
			buildSettings = {
				ALWAYS_EMBED_SWIFT_STANDARD_LIBRARIES = YES;
				ASSETCATALOG_COMPILER_APPICON_NAME = AppIcon;
				CODE_SIGN_STYLE = Automatic;
				DEVELOPMENT_TEAM = V2CWYL9AN8;
				FRAMEWORK_SEARCH_PATHS = (
					"$(inherited)",
					"$(PROJECT_DIR)/PhotoLibraryUI/Frameworks",
				);
				INFOPLIST_FILE = PhotoLibrary/Info.plist;
				LD_RUNPATH_SEARCH_PATHS = (
					"$(inherited)",
					"@executable_path/Frameworks",
				);
				PRODUCT_BUNDLE_IDENTIFIER = com.152percent.PhotoLibrary;
				PRODUCT_NAME = "$(TARGET_NAME)";
				SWIFT_VERSION = 5.0;
				TARGETED_DEVICE_FAMILY = "1,2";
			};
			name = Debug;
		};
		54A172A7225CBBD400A7D7FD /* Release */ = {
			isa = XCBuildConfiguration;
			buildSettings = {
				ALWAYS_EMBED_SWIFT_STANDARD_LIBRARIES = YES;
				ASSETCATALOG_COMPILER_APPICON_NAME = AppIcon;
				CODE_SIGN_STYLE = Automatic;
				DEVELOPMENT_TEAM = V2CWYL9AN8;
				FRAMEWORK_SEARCH_PATHS = (
					"$(inherited)",
					"$(PROJECT_DIR)/PhotoLibraryUI/Frameworks",
				);
				INFOPLIST_FILE = PhotoLibrary/Info.plist;
				LD_RUNPATH_SEARCH_PATHS = (
					"$(inherited)",
					"@executable_path/Frameworks",
				);
				PRODUCT_BUNDLE_IDENTIFIER = com.152percent.PhotoLibrary;
				PRODUCT_NAME = "$(TARGET_NAME)";
				SWIFT_VERSION = 5.0;
				TARGETED_DEVICE_FAMILY = "1,2";
			};
			name = Release;
		};
		54A172B7225CBBE400A7D7FD /* Debug */ = {
			isa = XCBuildConfiguration;
			buildSettings = {
				APPLICATION_EXTENSION_API_ONLY = YES;
				CLANG_ENABLE_MODULES = YES;
				CODE_SIGN_IDENTITY = "";
				CODE_SIGN_STYLE = Automatic;
				CURRENT_PROJECT_VERSION = 1;
				DEFINES_MODULE = YES;
				DEVELOPMENT_TEAM = V2CWYL9AN8;
				DYLIB_COMPATIBILITY_VERSION = 1;
				DYLIB_CURRENT_VERSION = 1;
				DYLIB_INSTALL_NAME_BASE = "@rpath";
				FRAMEWORK_SEARCH_PATHS = (
					"$(inherited)",
					"$(PROJECT_DIR)/PhotoLibraryUI/Frameworks",
				);
				INFOPLIST_FILE = PhotoLibraryUI/Info.plist;
				INSTALL_PATH = "$(LOCAL_LIBRARY_DIR)/Frameworks";
				LD_RUNPATH_SEARCH_PATHS = (
					"$(inherited)",
					"@executable_path/Frameworks",
					"@loader_path/Frameworks",
				);
				PRODUCT_BUNDLE_IDENTIFIER = com.152percent.PhotoLibraryUI;
				PRODUCT_NAME = "$(TARGET_NAME:c99extidentifier)";
				SKIP_INSTALL = YES;
				SWIFT_OPTIMIZATION_LEVEL = "-Onone";
				SWIFT_VERSION = 5.0;
				TARGETED_DEVICE_FAMILY = "1,2";
				VERSIONING_SYSTEM = "apple-generic";
				VERSION_INFO_PREFIX = "";
			};
			name = Debug;
		};
		54A172B8225CBBE400A7D7FD /* Release */ = {
			isa = XCBuildConfiguration;
			buildSettings = {
				APPLICATION_EXTENSION_API_ONLY = YES;
				CLANG_ENABLE_MODULES = YES;
				CODE_SIGN_IDENTITY = "";
				CODE_SIGN_STYLE = Automatic;
				CURRENT_PROJECT_VERSION = 1;
				DEFINES_MODULE = YES;
				DEVELOPMENT_TEAM = V2CWYL9AN8;
				DYLIB_COMPATIBILITY_VERSION = 1;
				DYLIB_CURRENT_VERSION = 1;
				DYLIB_INSTALL_NAME_BASE = "@rpath";
				FRAMEWORK_SEARCH_PATHS = (
					"$(inherited)",
					"$(PROJECT_DIR)/PhotoLibraryUI/Frameworks",
				);
				INFOPLIST_FILE = PhotoLibraryUI/Info.plist;
				INSTALL_PATH = "$(LOCAL_LIBRARY_DIR)/Frameworks";
				LD_RUNPATH_SEARCH_PATHS = (
					"$(inherited)",
					"@executable_path/Frameworks",
					"@loader_path/Frameworks",
				);
				PRODUCT_BUNDLE_IDENTIFIER = com.152percent.PhotoLibraryUI;
				PRODUCT_NAME = "$(TARGET_NAME:c99extidentifier)";
				SKIP_INSTALL = YES;
				SWIFT_VERSION = 5.0;
				TARGETED_DEVICE_FAMILY = "1,2";
				VERSIONING_SYSTEM = "apple-generic";
				VERSION_INFO_PREFIX = "";
			};
			name = Release;
		};
/* End XCBuildConfiguration section */

/* Begin XCConfigurationList section */
		54A1728E225CBBD300A7D7FD /* Build configuration list for PBXProject "PhotoLibrary" */ = {
			isa = XCConfigurationList;
			buildConfigurations = (
				54A172A3225CBBD400A7D7FD /* Debug */,
				54A172A4225CBBD400A7D7FD /* Release */,
			);
			defaultConfigurationIsVisible = 0;
			defaultConfigurationName = Release;
		};
		54A172A5225CBBD400A7D7FD /* Build configuration list for PBXNativeTarget "MediaLibrary" */ = {
			isa = XCConfigurationList;
			buildConfigurations = (
				54A172A6225CBBD400A7D7FD /* Debug */,
				54A172A7225CBBD400A7D7FD /* Release */,
			);
			defaultConfigurationIsVisible = 0;
			defaultConfigurationName = Release;
		};
		54A172B6225CBBE400A7D7FD /* Build configuration list for PBXNativeTarget "MediaLibraryUI" */ = {
			isa = XCConfigurationList;
			buildConfigurations = (
				54A172B7225CBBE400A7D7FD /* Debug */,
				54A172B8225CBBE400A7D7FD /* Release */,
			);
			defaultConfigurationIsVisible = 0;
			defaultConfigurationName = Release;
		};
/* End XCConfigurationList section */
	};
	rootObject = 54A1728B225CBBD300A7D7FD /* Project object */;
}
